
Microsoft Visual Studio Solution File, Format Version 10.00
# Visual Studio 2008
Project("{F184B08F-C81C-45F6-A57F-5ABD9991F28F}") = "Registro", "Registro\Registro.vbproj", "{AA412C56-E1FB-41AC-834B-0D3762E949DF}"
EndProject
Global
	GlobalSection(SolutionConfigurationPlatforms) = preSolution
		Debug|Any CPU = Debug|Any CPU
		Release|Any CPU = Release|Any CPU
	EndGlobalSection
	GlobalSection(ProjectConfigurationPlatforms) = postSolution
		{AA412C56-E1FB-41AC-834B-0D3762E949DF}.Debug|Any CPU.ActiveCfg = Debug|Any CPU
		{AA412C56-E1FB-41AC-834B-0D3762E949DF}.Debug|Any CPU.Build.0 = Debug|Any CPU
		{AA412C56-E1FB-41AC-834B-0D3762E949DF}.Release|Any CPU.ActiveCfg = Release|Any CPU
		{AA412C56-E1FB-41AC-834B-0D3762E949DF}.Release|Any CPU.Build.0 = Release|Any CPU
	EndGlobalSection
	GlobalSection(SolutionProperties) = preSolution
		HideSolutionNode = FALSE
	EndGlobalSection
EndGlobal
